
Microsoft Visual Studio Solution File, Format Version 12.00
# Visual Studio Version 17
VisualStudioVersion = 17.2.32519.379
MinimumVisualStudioVersion = 10.0.40219.1
Project("{9A19103F-16F7-4668-BE54-9A1E7A4F7556}") = "Catalog", "Catalog\Catalog.csproj", "{B00159E1-E2B5-4829-B41E-C4D9D88B7A47}"
EndProject
Project("{9A19103F-16F7-4668-BE54-9A1E7A4F7556}") = "CatalogInfrastructure", "ProductsInfrastructure\CatalogInfrastructure.csproj", "{B2C3C1E2-758C-433E-9FE3-B4D9B15C18AB}"
EndProject
Project("{9A19103F-16F7-4668-BE54-9A1E7A4F7556}") = "CatalogApi", "CatalogApi\CatalogApi.csproj", "{822ED246-F169-4B96-8ED7-49832BBB324B}"
EndProject
Project("{FAE04EC0-301F-11D3-BF4B-00C04F79EFBC}") = "CatalogIngestionWorker", "CatalogIngestionWorker\CatalogIngestionWorker.csproj", "{CB9F19DD-6E3C-474C-9622-22EF3A92F28D}"
EndProject
Global
	GlobalSection(SolutionConfigurationPlatforms) = preSolution
		Debug|Any CPU = Debug|Any CPU
		Release|Any CPU = Release|Any CPU
	EndGlobalSection
	GlobalSection(ProjectConfigurationPlatforms) = postSolution
		{B00159E1-E2B5-4829-B41E-C4D9D88B7A47}.Debug|Any CPU.ActiveCfg = Debug|Any CPU
		{B00159E1-E2B5-4829-B41E-C4D9D88B7A47}.Debug|Any CPU.Build.0 = Debug|Any CPU
		{B00159E1-E2B5-4829-B41E-C4D9D88B7A47}.Release|Any CPU.ActiveCfg = Release|Any CPU
		{B00159E1-E2B5-4829-B41E-C4D9D88B7A47}.Release|Any CPU.Build.0 = Release|Any CPU
		{B2C3C1E2-758C-433E-9FE3-B4D9B15C18AB}.Debug|Any CPU.ActiveCfg = Debug|Any CPU
		{B2C3C1E2-758C-433E-9FE3-B4D9B15C18AB}.Debug|Any CPU.Build.0 = Debug|Any CPU
		{B2C3C1E2-758C-433E-9FE3-B4D9B15C18AB}.Release|Any CPU.ActiveCfg = Release|Any CPU
		{B2C3C1E2-758C-433E-9FE3-B4D9B15C18AB}.Release|Any CPU.Build.0 = Release|Any CPU
		{822ED246-F169-4B96-8ED7-49832BBB324B}.Debug|Any CPU.ActiveCfg = Debug|Any CPU
		{822ED246-F169-4B96-8ED7-49832BBB324B}.Debug|Any CPU.Build.0 = Debug|Any CPU
		{822ED246-F169-4B96-8ED7-49832BBB324B}.Release|Any CPU.ActiveCfg = Release|Any CPU
		{822ED246-F169-4B96-8ED7-49832BBB324B}.Release|Any CPU.Build.0 = Release|Any CPU
		{CB9F19DD-6E3C-474C-9622-22EF3A92F28D}.Debug|Any CPU.ActiveCfg = Debug|Any CPU
		{CB9F19DD-6E3C-474C-9622-22EF3A92F28D}.Debug|Any CPU.Build.0 = Debug|Any CPU
		{CB9F19DD-6E3C-474C-9622-22EF3A92F28D}.Release|Any CPU.ActiveCfg = Release|Any CPU
		{CB9F19DD-6E3C-474C-9622-22EF3A92F28D}.Release|Any CPU.Build.0 = Release|Any CPU
	EndGlobalSection
	GlobalSection(SolutionProperties) = preSolution
		HideSolutionNode = FALSE
	EndGlobalSection
	GlobalSection(ExtensibilityGlobals) = postSolution
		SolutionGuid = {F53B2DB8-6429-4F3D-A2E0-E6B689B67EED}
	EndGlobalSection
EndGlobal
